{
	"name": "kyc",
	"version": "0.1.0",
	"lockfileVersion": 1,
	"requires": true,
	"dependencies": {
		"append-field": {
			"version": "1.0.0",
			"resolved": "https://registry.npmjs.org/append-field/-/append-field-1.0.0.tgz",
			"integrity": "sha1-HjRA6RXwsSA9I3SOeO3XubW0PlY="
		},
		"awesome-phonenumber": {
			"version": "2.2.5",
			"resolved": "https://registry.npmjs.org/awesome-phonenumber/-/awesome-phonenumber-2.2.5.tgz",
			"integrity": "sha512-CHVEWEtXhaUB4ZGki/MQOlxK9wX+x3rw0/OARxB/srJTBP7b8nZjuE69WKQIUmciYdYGP2qywFPyubewJnFLbQ=="
		},
		"aws-sdk": {
			"version": "2.205.0",
			"resolved": "https://registry.npmjs.org/aws-sdk/-/aws-sdk-2.205.0.tgz",
			"integrity": "sha1-GpNzAlPivgJ6S9OvkkjL2gVz3oA=",
			"requires": {
				"buffer": "4.9.1",
				"events": "^1.1.1",
				"jmespath": "0.15.0",
				"querystring": "0.2.0",
				"sax": "1.2.1",
				"url": "0.10.3",
				"uuid": "3.1.0",
				"xml2js": "0.4.17",
				"xmlbuilder": "4.2.1"
			}
		},
		"base64-js": {
			"version": "1.3.1",
			"resolved": "https://registry.npmjs.org/base64-js/-/base64-js-1.3.1.tgz",
			"integrity": "sha512-mLQ4i2QO1ytvGWFWmcngKO//JXAQueZvwEKtjgQFM4jIK0kU+ytMfplL8j+n5mspOfjHwoAg+9yhb7BwAHm36g=="
		},
		"buffer": {
			"version": "4.9.1",
			"resolved": "https://registry.npmjs.org/buffer/-/buffer-4.9.1.tgz",
			"integrity": "sha1-bRu2AbB6TvztlwlBMgkwJ8lbwpg=",
			"requires": {
				"base64-js": "^1.0.2",
				"ieee754": "^1.1.4",
				"isarray": "^1.0.0"
			}
		},
		"buffer-from": {
			"version": "1.1.1",
			"resolved": "https://registry.npmjs.org/buffer-from/-/buffer-from-1.1.1.tgz",
			"integrity": "sha512-MQcXEUbCKtEo7bhqEs6560Hyd4XaovZlO/k9V3hjVUF/zwW7KBVdSK4gIt/bzwS9MbR5qob+F5jusZsb0YQK2A=="
		},
		"busboy": {
			"version": "0.2.14",
			"resolved": "https://registry.npmjs.org/busboy/-/busboy-0.2.14.tgz",
			"integrity": "sha1-bCpiLvz0fFe7vh4qnDetNseSVFM=",
			"requires": {
				"dicer": "0.2.5",
				"readable-stream": "1.1.x"
			}
		},
		"concat-stream": {
			"version": "1.6.2",
			"resolved": "https://registry.npmjs.org/concat-stream/-/concat-stream-1.6.2.tgz",
			"integrity": "sha512-27HBghJxjiZtIk3Ycvn/4kbJk/1uZuJFfuPEns6LaEvpvG1f0hTea8lilrouyo9mVc2GWdcEZ8OLoGmSADlrCw==",
			"requires": {
				"buffer-from": "^1.0.0",
				"inherits": "^2.0.3",
				"readable-stream": "^2.2.2",
				"typedarray": "^0.0.6"
			},
			"dependencies": {
				"readable-stream": {
					"version": "2.3.7",
					"resolved": "https://registry.npmjs.org/readable-stream/-/readable-stream-2.3.7.tgz",
					"integrity": "sha512-Ebho8K4jIbHAxnuxi7o42OrZgF/ZTNcsZj6nRKyUmkhLFq8CHItp/fy6hQZuZmP/n3yZ9VBUbp4zz/mX8hmYPw==",
					"requires": {
						"core-util-is": "~1.0.0",
						"inherits": "~2.0.3",
						"isarray": "~1.0.0",
						"process-nextick-args": "~2.0.0",
						"safe-buffer": "~5.1.1",
						"string_decoder": "~1.1.1",
						"util-deprecate": "~1.0.1"
					}
				},
				"string_decoder": {
					"version": "1.1.1",
					"resolved": "https://registry.npmjs.org/string_decoder/-/string_decoder-1.1.1.tgz",
					"integrity": "sha512-n/ShnvDi6FHbbVfviro+WojiFzv+s8MPMHBczVePfUpDJLwoLT0ht1l4YwBCbi8pJAveEEdnkHyPyTP/mzRfwg==",
					"requires": {
						"safe-buffer": "~5.1.0"
					}
				}
			}
		},
		"core-util-is": {
			"version": "1.0.2",
			"resolved": "https://registry.npmjs.org/core-util-is/-/core-util-is-1.0.2.tgz",
			"integrity": "sha1-tf1UIgqivFq1eqtxQMlAdUUDwac="
		},
		"dicer": {
			"version": "0.2.5",
			"resolved": "https://registry.npmjs.org/dicer/-/dicer-0.2.5.tgz",
			"integrity": "sha1-WZbAhrszIYyBLAkL3cCc0S+stw8=",
			"requires": {
				"readable-stream": "1.1.x",
				"streamsearch": "0.1.2"
			}
		},
		"ee-first": {
			"version": "1.1.1",
			"resolved": "https://registry.npmjs.org/ee-first/-/ee-first-1.1.1.tgz",
			"integrity": "sha1-WQxhFWsK4vTwJVcyoViyZrxWsh0="
		},
		"events": {
			"version": "1.1.1",
			"resolved": "https://registry.npmjs.org/events/-/events-1.1.1.tgz",
			"integrity": "sha1-nr23Y1rQmccNzEwqH1AEKI6L2SQ="
		},
		"ieee754": {
			"version": "1.1.13",
			"resolved": "https://registry.npmjs.org/ieee754/-/ieee754-1.1.13.tgz",
			"integrity": "sha512-4vf7I2LYV/HaWerSo3XmlMkp5eZ83i+/CDluXi/IGTs/O1sejBNhTtnxzmRZfvOUqj7lZjqHkeTvpgSFDlWZTg=="
		},
		"inherits": {
			"version": "2.0.4",
			"resolved": "https://registry.npmjs.org/inherits/-/inherits-2.0.4.tgz",
			"integrity": "sha512-k/vGaX4/Yla3WzyMCvTQOXYeIHvqOKtnqBduzTHpzpQZzAskKMhZ2K+EnBiSM9zGSoIFeMpXKxa4dYeZIQqewQ=="
		},
		"isarray": {
			"version": "1.0.0",
			"resolved": "https://registry.npmjs.org/isarray/-/isarray-1.0.0.tgz",
			"integrity": "sha1-u5NdSFgsuhaMBoNJV6VKPgcSTxE="
		},
		"jmespath": {
			"version": "0.15.0",
			"resolved": "https://registry.npmjs.org/jmespath/-/jmespath-0.15.0.tgz",
			"integrity": "sha1-o/Iiqarp+Wb10nx5ZRDigJF2Qhc="
		},
		"lodash": {
			"version": "4.17.19",
			"resolved": "https://registry.npmjs.org/lodash/-/lodash-4.17.19.tgz",
			"integrity": "sha512-JNvd8XER9GQX0v2qJgsaN/mzFCNA5BRe/j8JN9d+tWyGLSodKQHKFicdwNYzWwI3wjRnaKPsGj1XkBjx/F96DQ=="
		},
		"media-typer": {
			"version": "0.3.0",
			"resolved": "https://registry.npmjs.org/media-typer/-/media-typer-0.3.0.tgz",
			"integrity": "sha1-hxDXrwqmJvj/+hzgAWhUUmMlV0g="
		},
		"mime-db": {
			"version": "1.43.0",
			"resolved": "https://registry.npmjs.org/mime-db/-/mime-db-1.43.0.tgz",
			"integrity": "sha512-+5dsGEEovYbT8UY9yD7eE4XTc4UwJ1jBYlgaQQF38ENsKR3wj/8q8RFZrF9WIZpB2V1ArTVFUva8sAul1NzRzQ=="
		},
		"mime-types": {
			"version": "2.1.26",
			"resolved": "https://registry.npmjs.org/mime-types/-/mime-types-2.1.26.tgz",
			"integrity": "sha512-01paPWYgLrkqAyrlDorC1uDwl2p3qZT7yl806vW7DvDoxwXi46jsjFbg+WdwotBIk6/MbEhO/dh5aZ5sNj/dWQ==",
			"requires": {
				"mime-db": "1.43.0"
			}
		},
		"minimist": {
			"version": "1.2.5",
			"resolved": "https://registry.npmjs.org/minimist/-/minimist-1.2.5.tgz",
			"integrity": "sha512-FM9nNUYrRBAELZQT3xeZQ7fmMOBg6nWNmJKTcgsJeaLstP/UODVpGsr5OhXhhXg6f+qtJ8uiZ+PUxkDWcgIXLw=="
		},
		"mkdirp": {
			"version": "0.5.5",
			"resolved": "https://registry.npmjs.org/mkdirp/-/mkdirp-0.5.5.tgz",
			"integrity": "sha512-NKmAlESf6jMGym1++R0Ra7wvhV+wFW63FaSOFPwRahvea0gMUcGUhVeAg/0BC0wiv9ih5NYPB1Wn1UEI1/L+xQ==",
			"requires": {
				"minimist": "^1.2.5"
			}
		},
		"multer": {
			"version": "1.4.2",
			"resolved": "https://registry.npmjs.org/multer/-/multer-1.4.2.tgz",
			"integrity": "sha512-xY8pX7V+ybyUpbYMxtjM9KAiD9ixtg5/JkeKUTD6xilfDv0vzzOFcCp4Ljb1UU3tSOM3VTZtKo63OmzOrGi3Cg==",
			"requires": {
				"append-field": "^1.0.0",
				"busboy": "^0.2.11",
				"concat-stream": "^1.5.2",
				"mkdirp": "^0.5.1",
				"object-assign": "^4.1.1",
				"on-finished": "^2.3.0",
				"type-is": "^1.6.4",
				"xtend": "^4.0.0"
			}
		},
		"object-assign": {
			"version": "4.1.1",
			"resolved": "https://registry.npmjs.org/object-assign/-/object-assign-4.1.1.tgz",
			"integrity": "sha1-IQmtx5ZYh8/AXLvUQsrIv7s2CGM="
		},
		"on-finished": {
			"version": "2.3.0",
			"resolved": "https://registry.npmjs.org/on-finished/-/on-finished-2.3.0.tgz",
			"integrity": "sha1-IPEzZIGwg811M3mSoWlxqi2QaUc=",
			"requires": {
				"ee-first": "1.1.1"
			}
		},
		"process-nextick-args": {
			"version": "2.0.1",
			"resolved": "https://registry.npmjs.org/process-nextick-args/-/process-nextick-args-2.0.1.tgz",
			"integrity": "sha512-3ouUOpQhtgrbOa17J7+uxOTpITYWaGP7/AhoR3+A+/1e9skrzelGi/dXzEYyvbxubEF6Wn2ypscTKiKJFFn1ag=="
		},
		"punycode": {
			"version": "1.3.2",
			"resolved": "https://registry.npmjs.org/punycode/-/punycode-1.3.2.tgz",
			"integrity": "sha1-llOgNvt8HuQjQvIyXM7v6jkmxI0="
		},
		"querystring": {
			"version": "0.2.0",
			"resolved": "https://registry.npmjs.org/querystring/-/querystring-0.2.0.tgz",
			"integrity": "sha1-sgmEkgO7Jd+CDadW50cAWHhSFiA="
		},
		"readable-stream": {
			"version": "1.1.14",
			"resolved": "https://registry.npmjs.org/readable-stream/-/readable-stream-1.1.14.tgz",
			"integrity": "sha1-fPTFTvZI44EwhMY23SB54WbAgdk=",
			"requires": {
				"core-util-is": "~1.0.0",
				"inherits": "~2.0.1",
				"isarray": "0.0.1",
				"string_decoder": "~0.10.x"
			},
			"dependencies": {
				"isarray": {
					"version": "0.0.1",
					"resolved": "https://registry.npmjs.org/isarray/-/isarray-0.0.1.tgz",
					"integrity": "sha1-ihis/Kmo9Bd+Cav8YDiTmwXR7t8="
				}
			}
		},
		"safe-buffer": {
			"version": "5.1.2",
			"resolved": "https://registry.npmjs.org/safe-buffer/-/safe-buffer-5.1.2.tgz",
			"integrity": "sha512-Gd2UZBJDkXlY7GbJxfsE8/nvKkUEU1G38c1siN6QP6a9PT9MmHB8GnpscSmMJSoF8LOIrt8ud/wPtojys4G6+g=="
		},
		"sax": {
			"version": "1.2.1",
			"resolved": "https://registry.npmjs.org/sax/-/sax-1.2.1.tgz",
			"integrity": "sha1-e45lYZCyKOgaZq6nSEgNgozS03o="
		},
		"streamsearch": {
			"version": "0.1.2",
			"resolved": "https://registry.npmjs.org/streamsearch/-/streamsearch-0.1.2.tgz",
			"integrity": "sha1-gIudDlb8Jz2Am6VzOOkpkZoanxo="
		},
		"string_decoder": {
			"version": "0.10.31",
			"resolved": "https://registry.npmjs.org/string_decoder/-/string_decoder-0.10.31.tgz",
			"integrity": "sha1-YuIDvEF2bGwoyfyEMB2rHFMQ+pQ="
		},
		"type-is": {
			"version": "1.6.18",
			"resolved": "https://registry.npmjs.org/type-is/-/type-is-1.6.18.tgz",
			"integrity": "sha512-TkRKr9sUTxEH8MdfuCSP7VizJyzRNMjj2J2do2Jr3Kym598JVdEksuzPQCnlFPW4ky9Q+iA+ma9BGm06XQBy8g==",
			"requires": {
				"media-typer": "0.3.0",
				"mime-types": "~2.1.24"
			}
		},
		"typedarray": {
			"version": "0.0.6",
			"resolved": "https://registry.npmjs.org/typedarray/-/typedarray-0.0.6.tgz",
			"integrity": "sha1-hnrHTjhkGHsdPUfZlqeOxciDB3c="
		},
		"url": {
			"version": "0.10.3",
			"resolved": "https://registry.npmjs.org/url/-/url-0.10.3.tgz",
			"integrity": "sha1-Ah5NnHcF8hu/N9A861h2dAJ3TGQ=",
			"requires": {
				"punycode": "1.3.2",
				"querystring": "0.2.0"
			}
		},
		"util-deprecate": {
			"version": "1.0.2",
			"resolved": "https://registry.npmjs.org/util-deprecate/-/util-deprecate-1.0.2.tgz",
			"integrity": "sha1-RQ1Nyfpw3nMnYvvS1KKJgUGaDM8="
		},
		"uuid": {
			"version": "3.1.0",
			"resolved": "https://registry.npmjs.org/uuid/-/uuid-3.1.0.tgz",
			"integrity": "sha512-DIWtzUkw04M4k3bf1IcpS2tngXEL26YUD2M0tMDUpnUrz2hgzUBlD55a4FjdLGPvfHxS6uluGWvaVEqgBcVa+g=="
		},
		"xml2js": {
			"version": "0.4.17",
			"resolved": "https://registry.npmjs.org/xml2js/-/xml2js-0.4.17.tgz",
			"integrity": "sha1-F76T6q4/O3eTWceVtBlwWogX6Gg=",
			"requires": {
				"sax": ">=0.6.0",
				"xmlbuilder": "^4.1.0"
			}
		},
		"xmlbuilder": {
			"version": "4.2.1",
			"resolved": "https://registry.npmjs.org/xmlbuilder/-/xmlbuilder-4.2.1.tgz",
			"integrity": "sha1-qlijBBoGb5DqoWwvU4n/GfP0YaU=",
			"requires": {
				"lodash": "^4.0.0"
			}
		},
		"xtend": {
			"version": "4.0.2",
			"resolved": "https://registry.npmjs.org/xtend/-/xtend-4.0.2.tgz",
			"integrity": "sha512-LKYU1iAXJXUgAXn9URjiu+MWhyUXHsvfp7mcuYm9dSUKK0/CjtrUwFAxD82/mCWbtLsGjFIad0wIsod4zrTAEQ=="
		}
	}
}
